// !$*UTF8*$!
{
	archiveVersion = 1;
	classes = {
	};
	objectVersion = 55;
	objects = {

/* Begin PBXBuildFile section */
		0EBB8A1B28C80A33003EA051 /* AppDelegate.swift in Sources */ = {isa = PBXBuildFile; fileRef = 0EBB8A1A28C80A33003EA051 /* AppDelegate.swift */; };
		0EBB8A1D28C80A33003EA051 /* SceneDelegate.swift in Sources */ = {isa = PBXBuildFile; fileRef = 0EBB8A1C28C80A33003EA051 /* SceneDelegate.swift */; };
		0EBB8A1F28C80A33003EA051 /* ViewController.swift in Sources */ = {isa = PBXBuildFile; fileRef = 0EBB8A1E28C80A33003EA051 /* ViewController.swift */; };
		0EBB8A2228C80A33003EA051 /* Main.storyboard in Resources */ = {isa = PBXBuildFile; fileRef = 0EBB8A2028C80A33003EA051 /* Main.storyboard */; };
		0EBB8A2428C80A35003EA051 /* Assets.xcassets in Resources */ = {isa = PBXBuildFile; fileRef = 0EBB8A2328C80A35003EA051 /* Assets.xcassets */; };
		0EBB8A2728C80A35003EA051 /* LaunchScreen.storyboard in Resources */ = {isa = PBXBuildFile; fileRef = 0EBB8A2528C80A35003EA051 /* LaunchScreen.storyboard */; };
		0EBB8A3228C80A36003EA051 /* BigBurgerTests.swift in Sources */ = {isa = PBXBuildFile; fileRef = 0EBB8A3128C80A36003EA051 /* BigBurgerTests.swift */; };
		0EBB8A3C28C80A36003EA051 /* BigBurgerUITests.swift in Sources */ = {isa = PBXBuildFile; fileRef = 0EBB8A3B28C80A36003EA051 /* BigBurgerUITests.swift */; };
		0EBB8A3E28C80A36003EA051 /* BigBurgerUITestsLaunchTests.swift in Sources */ = {isa = PBXBuildFile; fileRef = 0EBB8A3D28C80A36003EA051 /* BigBurgerUITestsLaunchTests.swift */; };
/* End PBXBuildFile section */

/* Begin PBXContainerItemProxy section */
		0EBB8A2E28C80A36003EA051 /* PBXContainerItemProxy */ = {
			isa = PBXContainerItemProxy;
			containerPortal = 0EBB8A0F28C80A33003EA051 /* Project object */;
			proxyType = 1;
			remoteGlobalIDString = 0EBB8A1628C80A33003EA051;
			remoteInfo = BigBurger;
		};
		0EBB8A3828C80A36003EA051 /* PBXContainerItemProxy */ = {
			isa = PBXContainerItemProxy;
			containerPortal = 0EBB8A0F28C80A33003EA051 /* Project object */;
			proxyType = 1;
			remoteGlobalIDString = 0EBB8A1628C80A33003EA051;
			remoteInfo = BigBurger;
		};
/* End PBXContainerItemProxy section */

/* Begin PBXFileReference section */
		0EBB8A1728C80A33003EA051 /* BigBurger.app */ = {isa = PBXFileReference; explicitFileType = wrapper.application; includeInIndex = 0; path = BigBurger.app; sourceTree = BUILT_PRODUCTS_DIR; };
		0EBB8A1A28C80A33003EA051 /* AppDelegate.swift */ = {isa = PBXFileReference; lastKnownFileType = sourcecode.swift; path = AppDelegate.swift; sourceTree = "<group>"; };
		0EBB8A1C28C80A33003EA051 /* SceneDelegate.swift */ = {isa = PBXFileReference; lastKnownFileType = sourcecode.swift; path = SceneDelegate.swift; sourceTree = "<group>"; };
		0EBB8A1E28C80A33003EA051 /* ViewController.swift */ = {isa = PBXFileReference; lastKnownFileType = sourcecode.swift; path = ViewController.swift; sourceTree = "<group>"; };
		0EBB8A2128C80A33003EA051 /* Base */ = {isa = PBXFileReference; lastKnownFileType = file.storyboard; name = Base; path = Base.lproj/Main.storyboard; sourceTree = "<group>"; };
		0EBB8A2328C80A35003EA051 /* Assets.xcassets */ = {isa = PBXFileReference; lastKnownFileType = folder.assetcatalog; path = Assets.xcassets; sourceTree = "<group>"; };
		0EBB8A2628C80A35003EA051 /* Base */ = {isa = PBXFileReference; lastKnownFileType = file.storyboard; name = Base; path = Base.lproj/LaunchScreen.storyboard; sourceTree = "<group>"; };
		0EBB8A2828C80A35003EA051 /* Info.plist */ = {isa = PBXFileReference; lastKnownFileType = text.plist.xml; path = Info.plist; sourceTree = "<group>"; };
		0EBB8A2D28C80A36003EA051 /* BigBurgerTests.xctest */ = {isa = PBXFileReference; explicitFileType = wrapper.cfbundle; includeInIndex = 0; path = BigBurgerTests.xctest; sourceTree = BUILT_PRODUCTS_DIR; };
		0EBB8A3128C80A36003EA051 /* BigBurgerTests.swift */ = {isa = PBXFileReference; lastKnownFileType = sourcecode.swift; path = BigBurgerTests.swift; sourceTree = "<group>"; };
		0EBB8A3728C80A36003EA051 /* BigBurgerUITests.xctest */ = {isa = PBXFileReference; explicitFileType = wrapper.cfbundle; includeInIndex = 0; path = BigBurgerUITests.xctest; sourceTree = BUILT_PRODUCTS_DIR; };
		0EBB8A3B28C80A36003EA051 /* BigBurgerUITests.swift */ = {isa = PBXFileReference; lastKnownFileType = sourcecode.swift; path = BigBurgerUITests.swift; sourceTree = "<group>"; };
		0EBB8A3D28C80A36003EA051 /* BigBurgerUITestsLaunchTests.swift */ = {isa = PBXFileReference; lastKnownFileType = sourcecode.swift; path = BigBurgerUITestsLaunchTests.swift; sourceTree = "<group>"; };
/* End PBXFileReference section */

/* Begin PBXFrameworksBuildPhase section */
		0EBB8A1428C80A33003EA051 /* Frameworks */ = {
			isa = PBXFrameworksBuildPhase;
			buildActionMask = 2147483647;
			files = (
			);
			runOnlyForDeploymentPostprocessing = 0;
		};
		0EBB8A2A28C80A36003EA051 /* Frameworks */ = {
			isa = PBXFrameworksBuildPhase;
			buildActionMask = 2147483647;
			files = (
			);
			runOnlyForDeploymentPostprocessing = 0;
		};
		0EBB8A3428C80A36003EA051 /* Frameworks */ = {
			isa = PBXFrameworksBuildPhase;
			buildActionMask = 2147483647;
			files = (
			);
			runOnlyForDeploymentPostprocessing = 0;
		};
/* End PBXFrameworksBuildPhase section */

/* Begin PBXGroup section */
		0EBB8A0E28C80A33003EA051 = {
			isa = PBXGroup;
			children = (
				0EBB8A1928C80A33003EA051 /* BigBurger */,
				0EBB8A3028C80A36003EA051 /* BigBurgerTests */,
				0EBB8A3A28C80A36003EA051 /* BigBurgerUITests */,
				0EBB8A1828C80A33003EA051 /* Products */,
			);
			sourceTree = "<group>";
		};
		0EBB8A1828C80A33003EA051 /* Products */ = {
			isa = PBXGroup;
			children = (
				0EBB8A1728C80A33003EA051 /* BigBurger.app */,
				0EBB8A2D28C80A36003EA051 /* BigBurgerTests.xctest */,
				0EBB8A3728C80A36003EA051 /* BigBurgerUITests.xctest */,
			);
			name = Products;
			sourceTree = "<group>";
		};
		0EBB8A1928C80A33003EA051 /* BigBurger */ = {
			isa = PBXGroup;
			children = (
				0EBB8A1A28C80A33003EA051 /* AppDelegate.swift */,
				0EBB8A1C28C80A33003EA051 /* SceneDelegate.swift */,
				0EBB8A1E28C80A33003EA051 /* ViewController.swift */,
				0EBB8A2028C80A33003EA051 /* Main.storyboard */,
				0EBB8A2328C80A35003EA051 /* Assets.xcassets */,
				0EBB8A2528C80A35003EA051 /* LaunchScreen.storyboard */,
				0EBB8A2828C80A35003EA051 /* Info.plist */,
			);
			path = BigBurger;
			sourceTree = "<group>";
		};
		0EBB8A3028C80A36003EA051 /* BigBurgerTests */ = {
			isa = PBXGroup;
			children = (
				0EBB8A3128C80A36003EA051 /* BigBurgerTests.swift */,
			);
			path = BigBurgerTests;
			sourceTree = "<group>";
		};
		0EBB8A3A28C80A36003EA051 /* BigBurgerUITests */ = {
			isa = PBXGroup;
			children = (
				0EBB8A3B28C80A36003EA051 /* BigBurgerUITests.swift */,
				0EBB8A3D28C80A36003EA051 /* BigBurgerUITestsLaunchTests.swift */,
			);
			path = BigBurgerUITests;
			sourceTree = "<group>";
		};
/* End PBXGroup section */

/* Begin PBXNativeTarget section */
		0EBB8A1628C80A33003EA051 /* BigBurger */ = {
			isa = PBXNativeTarget;
			buildConfigurationList = 0EBB8A4128C80A36003EA051 /* Build configuration list for PBXNativeTarget "BigBurger" */;
			buildPhases = (
				0EBB8A1328C80A33003EA051 /* Sources */,
				0EBB8A1428C80A33003EA051 /* Frameworks */,
				0EBB8A1528C80A33003EA051 /* Resources */,
			);
			buildRules = (
			);
			dependencies = (
			);
			name = BigBurger;
			productName = BigBurger;
			productReference = 0EBB8A1728C80A33003EA051 /* BigBurger.app */;
			productType = "com.apple.product-type.application";
		};
		0EBB8A2C28C80A36003EA051 /* BigBurgerTests */ = {
			isa = PBXNativeTarget;
			buildConfigurationList = 0EBB8A4428C80A36003EA051 /* Build configuration list for PBXNativeTarget "BigBurgerTests" */;
			buildPhases = (
				0EBB8A2928C80A36003EA051 /* Sources */,
				0EBB8A2A28C80A36003EA051 /* Frameworks */,
				0EBB8A2B28C80A36003EA051 /* Resources */,
			);
			buildRules = (
			);
			dependencies = (
				0EBB8A2F28C80A36003EA051 /* PBXTargetDependency */,
			);
			name = BigBurgerTests;
			productName = BigBurgerTests;
			productReference = 0EBB8A2D28C80A36003EA051 /* BigBurgerTests.xctest */;
			productType = "com.apple.product-type.bundle.unit-test";
		};
		0EBB8A3628C80A36003EA051 /* BigBurgerUITests */ = {
			isa = PBXNativeTarget;
			buildConfigurationList = 0EBB8A4728C80A36003EA051 /* Build configuration list for PBXNativeTarget "BigBurgerUITests" */;
			buildPhases = (
				0EBB8A3328C80A36003EA051 /* Sources */,
				0EBB8A3428C80A36003EA051 /* Frameworks */,
				0EBB8A3528C80A36003EA051 /* Resources */,
			);
			buildRules = (
			);
			dependencies = (
				0EBB8A3928C80A36003EA051 /* PBXTargetDependency */,
			);
			name = BigBurgerUITests;
			productName = BigBurgerUITests;
			productReference = 0EBB8A3728C80A36003EA051 /* BigBurgerUITests.xctest */;
			productType = "com.apple.product-type.bundle.ui-testing";
		};
/* End PBXNativeTarget section */

/* Begin PBXProject section */
		0EBB8A0F28C80A33003EA051 /* Project object */ = {
			isa = PBXProject;
			attributes = {
				BuildIndependentTargetsInParallel = 1;
				LastSwiftUpdateCheck = 1340;
				LastUpgradeCheck = 1340;
				TargetAttributes = {
					0EBB8A1628C80A33003EA051 = {
						CreatedOnToolsVersion = 13.4.1;
					};
					0EBB8A2C28C80A36003EA051 = {
						CreatedOnToolsVersion = 13.4.1;
						TestTargetID = 0EBB8A1628C80A33003EA051;
					};
					0EBB8A3628C80A36003EA051 = {
						CreatedOnToolsVersion = 13.4.1;
						TestTargetID = 0EBB8A1628C80A33003EA051;
					};
				};
			};
			buildConfigurationList = 0EBB8A1228C80A33003EA051 /* Build configuration list for PBXProject "BigBurger" */;
			compatibilityVersion = "Xcode 13.0";
			developmentRegion = en;
			hasScannedForEncodings = 0;
			knownRegions = (
				en,
				Base,
			);
			mainGroup = 0EBB8A0E28C80A33003EA051;
			productRefGroup = 0EBB8A1828C80A33003EA051 /* Products */;
			projectDirPath = "";
			projectRoot = "";
			targets = (
				0EBB8A1628C80A33003EA051 /* BigBurger */,
				0EBB8A2C28C80A36003EA051 /* BigBurgerTests */,
				0EBB8A3628C80A36003EA051 /* BigBurgerUITests */,
			);
		};
/* End PBXProject section */

/* Begin PBXResourcesBuildPhase section */
		0EBB8A1528C80A33003EA051 /* Resources */ = {
			isa = PBXResourcesBuildPhase;
			buildActionMask = 2147483647;
			files = (
				0EBB8A2728C80A35003EA051 /* LaunchScreen.storyboard in Resources */,
				0EBB8A2428C80A35003EA051 /* Assets.xcassets in Resources */,
				0EBB8A2228C80A33003EA051 /* Main.storyboard in Resources */,
			);
			runOnlyForDeploymentPostprocessing = 0;
		};
		0EBB8A2B28C80A36003EA051 /* Resources */ = {
			isa = PBXResourcesBuildPhase;
			buildActionMask = 2147483647;
			files = (
			);
			runOnlyForDeploymentPostprocessing = 0;
		};
		0EBB8A3528C80A36003EA051 /* Resources */ = {
			isa = PBXResourcesBuildPhase;
			buildActionMask = 2147483647;
			files = (
			);
			runOnlyForDeploymentPostprocessing = 0;
		};
/* End PBXResourcesBuildPhase section */

/* Begin PBXSourcesBuildPhase section */
		0EBB8A1328C80A33003EA051 /* Sources */ = {
			isa = PBXSourcesBuildPhase;
			buildActionMask = 2147483647;
			files = (
				0EBB8A1F28C80A33003EA051 /* ViewController.swift in Sources */,
				0EBB8A1B28C80A33003EA051 /* AppDelegate.swift in Sources */,
				0EBB8A1D28C80A33003EA051 /* SceneDelegate.swift in Sources */,
			);
			runOnlyForDeploymentPostprocessing = 0;
		};
		0EBB8A2928C80A36003EA051 /* Sources */ = {
			isa = PBXSourcesBuildPhase;
			buildActionMask = 2147483647;
			files = (
				0EBB8A3228C80A36003EA051 /* BigBurgerTests.swift in Sources */,
			);
			runOnlyForDeploymentPostprocessing = 0;
		};
		0EBB8A3328C80A36003EA051 /* Sources */ = {
			isa = PBXSourcesBuildPhase;
			buildActionMask = 2147483647;
			files = (
				0EBB8A3E28C80A36003EA051 /* BigBurgerUITestsLaunchTests.swift in Sources */,
				0EBB8A3C28C80A36003EA051 /* BigBurgerUITests.swift in Sources */,
			);
			runOnlyForDeploymentPostprocessing = 0;
		};
/* End PBXSourcesBuildPhase section */

/* Begin PBXTargetDependency section */
		0EBB8A2F28C80A36003EA051 /* PBXTargetDependency */ = {
			isa = PBXTargetDependency;
			target = 0EBB8A1628C80A33003EA051 /* BigBurger */;
			targetProxy = 0EBB8A2E28C80A36003EA051 /* PBXContainerItemProxy */;
		};
		0EBB8A3928C80A36003EA051 /* PBXTargetDependency */ = {
			isa = PBXTargetDependency;
			target = 0EBB8A1628C80A33003EA051 /* BigBurger */;
			targetProxy = 0EBB8A3828C80A36003EA051 /* PBXContainerItemProxy */;
		};
/* End PBXTargetDependency section */

/* Begin PBXVariantGroup section */
		0EBB8A2028C80A33003EA051 /* Main.storyboard */ = {
			isa = PBXVariantGroup;
			children = (
				0EBB8A2128C80A33003EA051 /* Base */,
			);
			name = Main.storyboard;
			sourceTree = "<group>";
		};
		0EBB8A2528C80A35003EA051 /* LaunchScreen.storyboard */ = {
			isa = PBXVariantGroup;
			children = (
				0EBB8A2628C80A35003EA051 /* Base */,
			);
			name = LaunchScreen.storyboard;
			sourceTree = "<group>";
		};
/* End PBXVariantGroup section */

/* Begin XCBuildConfiguration section */
		0EBB8A3F28C80A36003EA051 /* Debug */ = {
			isa = XCBuildConfiguration;
			buildSettings = {
				ALWAYS_SEARCH_USER_PATHS = NO;
				CLANG_ANALYZER_NONNULL = YES;
				CLANG_ANALYZER_NUMBER_OBJECT_CONVERSION = YES_AGGRESSIVE;
				CLANG_CXX_LANGUAGE_STANDARD = "gnu++17";
				CLANG_ENABLE_MODULES = YES;
				CLANG_ENABLE_OBJC_ARC = YES;
				CLANG_ENABLE_OBJC_WEAK = YES;
				CLANG_WARN_BLOCK_CAPTURE_AUTORELEASING = YES;
				CLANG_WARN_BOOL_CONVERSION = YES;
				CLANG_WARN_COMMA = YES;
				CLANG_WARN_CONSTANT_CONVERSION = YES;
				CLANG_WARN_DEPRECATED_OBJC_IMPLEMENTATIONS = YES;
				CLANG_WARN_DIRECT_OBJC_ISA_USAGE = YES_ERROR;
				CLANG_WARN_DOCUMENTATION_COMMENTS = YES;
				CLANG_WARN_EMPTY_BODY = YES;
				CLANG_WARN_ENUM_CONVERSION = YES;
				CLANG_WARN_INFINITE_RECURSION = YES;
				CLANG_WARN_INT_CONVERSION = YES;
				CLANG_WARN_NON_LITERAL_NULL_CONVERSION = YES;
				CLANG_WARN_OBJC_IMPLICIT_RETAIN_SELF = YES;
				CLANG_WARN_OBJC_LITERAL_CONVERSION = YES;
				CLANG_WARN_OBJC_ROOT_CLASS = YES_ERROR;
				CLANG_WARN_QUOTED_INCLUDE_IN_FRAMEWORK_HEADER = YES;
				CLANG_WARN_RANGE_LOOP_ANALYSIS = YES;
				CLANG_WARN_STRICT_PROTOTYPES = YES;
				CLANG_WARN_SUSPICIOUS_MOVE = YES;
				CLANG_WARN_UNGUARDED_AVAILABILITY = YES_AGGRESSIVE;
				CLANG_WARN_UNREACHABLE_CODE = YES;
				CLANG_WARN__DUPLICATE_METHOD_MATCH = YES;
				COPY_PHASE_STRIP = NO;
				DEBUG_INFORMATION_FORMAT = dwarf;
				ENABLE_STRICT_OBJC_MSGSEND = YES;
				ENABLE_TESTABILITY = YES;
				GCC_C_LANGUAGE_STANDARD = gnu11;
				GCC_DYNAMIC_NO_PIC = NO;
				GCC_NO_COMMON_BLOCKS = YES;
				GCC_OPTIMIZATION_LEVEL = 0;
				GCC_PREPROCESSOR_DEFINITIONS = (
					"DEBUG=1",
					"$(inherited)",
				);
				GCC_WARN_64_TO_32_BIT_CONVERSION = YES;
				GCC_WARN_ABOUT_RETURN_TYPE = YES_ERROR;
				GCC_WARN_UNDECLARED_SELECTOR = YES;
				GCC_WARN_UNINITIALIZED_AUTOS = YES_AGGRESSIVE;
				GCC_WARN_UNUSED_FUNCTION = YES;
				GCC_WARN_UNUSED_VARIABLE = YES;
				IPHONEOS_DEPLOYMENT_TARGET = 15.5;
				MTL_ENABLE_DEBUG_INFO = INCLUDE_SOURCE;
				MTL_FAST_MATH = YES;
				ONLY_ACTIVE_ARCH = YES;
				SDKROOT = iphoneos;
				SWIFT_ACTIVE_COMPILATION_CONDITIONS = DEBUG;
				SWIFT_OPTIMIZATION_LEVEL = "-Onone";
			};
			name = Debug;
		};
		0EBB8A4028C80A36003EA051 /* Release */ = {
			isa = XCBuildConfiguration;
			buildSettings = {
				ALWAYS_SEARCH_USER_PATHS = NO;
				CLANG_ANALYZER_NONNULL = YES;
				CLANG_ANALYZER_NUMBER_OBJECT_CONVERSION = YES_AGGRESSIVE;
				CLANG_CXX_LANGUAGE_STANDARD = "gnu++17";
				CLANG_ENABLE_MODULES = YES;
				CLANG_ENABLE_OBJC_ARC = YES;
				CLANG_ENABLE_OBJC_WEAK = YES;
				CLANG_WARN_BLOCK_CAPTURE_AUTORELEASING = YES;
				CLANG_WARN_BOOL_CONVERSION = YES;
				CLANG_WARN_COMMA = YES;
				CLANG_WARN_CONSTANT_CONVERSION = YES;
				CLANG_WARN_DEPRECATED_OBJC_IMPLEMENTATIONS = YES;
				CLANG_WARN_DIRECT_OBJC_ISA_USAGE = YES_ERROR;
				CLANG_WARN_DOCUMENTATION_COMMENTS = YES;
				CLANG_WARN_EMPTY_BODY = YES;
				CLANG_WARN_ENUM_CONVERSION = YES;
				CLANG_WARN_INFINITE_RECURSION = YES;
				CLANG_WARN_INT_CONVERSION = YES;
				CLANG_WARN_NON_LITERAL_NULL_CONVERSION = YES;
				CLANG_WARN_OBJC_IMPLICIT_RETAIN_SELF = YES;
				CLANG_WARN_OBJC_LITERAL_CONVERSION = YES;
				CLANG_WARN_OBJC_ROOT_CLASS = YES_ERROR;
				CLANG_WARN_QUOTED_INCLUDE_IN_FRAMEWORK_HEADER = YES;
				CLANG_WARN_RANGE_LOOP_ANALYSIS = YES;
				CLANG_WARN_STRICT_PROTOTYPES = YES;
				CLANG_WARN_SUSPICIOUS_MOVE = YES;
				CLANG_WARN_UNGUARDED_AVAILABILITY = YES_AGGRESSIVE;
				CLANG_WARN_UNREACHABLE_CODE = YES;
				CLANG_WARN__DUPLICATE_METHOD_MATCH = YES;
				COPY_PHASE_STRIP = NO;
				DEBUG_INFORMATION_FORMAT = "dwarf-with-dsym";
				ENABLE_NS_ASSERTIONS = NO;
				ENABLE_STRICT_OBJC_MSGSEND = YES;
				GCC_C_LANGUAGE_STANDARD = gnu11;
				GCC_NO_COMMON_BLOCKS = YES;
				GCC_WARN_64_TO_32_BIT_CONVERSION = YES;
				GCC_WARN_ABOUT_RETURN_TYPE = YES_ERROR;
				GCC_WARN_UNDECLARED_SELECTOR = YES;
				GCC_WARN_UNINITIALIZED_AUTOS = YES_AGGRESSIVE;
				GCC_WARN_UNUSED_FUNCTION = YES;
				GCC_WARN_UNUSED_VARIABLE = YES;
				IPHONEOS_DEPLOYMENT_TARGET = 15.5;
				MTL_ENABLE_DEBUG_INFO = NO;
				MTL_FAST_MATH = YES;
				SDKROOT = iphoneos;
				SWIFT_COMPILATION_MODE = wholemodule;
				SWIFT_OPTIMIZATION_LEVEL = "-O";
				VALIDATE_PRODUCT = YES;
			};
			name = Release;
		};
		0EBB8A4228C80A36003EA051 /* Debug */ = {
			isa = XCBuildConfiguration;
			buildSettings = {
				ASSETCATALOG_COMPILER_APPICON_NAME = AppIcon;
				ASSETCATALOG_COMPILER_GLOBAL_ACCENT_COLOR_NAME = AccentColor;
				CODE_SIGN_STYLE = Automatic;
				CURRENT_PROJECT_VERSION = 1;
				GENERATE_INFOPLIST_FILE = YES;
				INFOPLIST_FILE = BigBurger/Info.plist;
				INFOPLIST_KEY_UIApplicationSupportsIndirectInputEvents = YES;
				INFOPLIST_KEY_UILaunchStoryboardName = LaunchScreen;
				INFOPLIST_KEY_UIMainStoryboardFile = Main;
				INFOPLIST_KEY_UISupportedInterfaceOrientations_iPad = "UIInterfaceOrientationPortrait UIInterfaceOrientationPortraitUpsideDown UIInterfaceOrientationLandscapeLeft UIInterfaceOrientationLandscapeRight";
				INFOPLIST_KEY_UISupportedInterfaceOrientations_iPhone = "UIInterfaceOrientationPortrait UIInterfaceOrientationLandscapeLeft UIInterfaceOrientationLandscapeRight";
				LD_RUNPATH_SEARCH_PATHS = (
					"$(inherited)",
					"@executable_path/Frameworks",
				);
				MARKETING_VERSION = 1.0;
				PRODUCT_BUNDLE_IDENTIFIER = orel.BigBurger;
				PRODUCT_NAME = "$(TARGET_NAME)";
				SWIFT_EMIT_LOC_STRINGS = YES;
				SWIFT_VERSION = 5.0;
				TARGETED_DEVICE_FAMILY = "1,2";
			};
			name = Debug;
		};
		0EBB8A4328C80A36003EA051 /* Release */ = {
			isa = XCBuildConfiguration;
			buildSettings = {
				ASSETCATALOG_COMPILER_APPICON_NAME = AppIcon;
				ASSETCATALOG_COMPILER_GLOBAL_ACCENT_COLOR_NAME = AccentColor;
				CODE_SIGN_STYLE = Automatic;
				CURRENT_PROJECT_VERSION = 1;
				GENERATE_INFOPLIST_FILE = YES;
				INFOPLIST_FILE = BigBurger/Info.plist;
				INFOPLIST_KEY_UIApplicationSupportsIndirectInputEvents = YES;
				INFOPLIST_KEY_UILaunchStoryboardName = LaunchScreen;
				INFOPLIST_KEY_UIMainStoryboardFile = Main;
				INFOPLIST_KEY_UISupportedInterfaceOrientations_iPad = "UIInterfaceOrientationPortrait UIInterfaceOrientationPortraitUpsideDown UIInterfaceOrientationLandscapeLeft UIInterfaceOrientationLandscapeRight";
				INFOPLIST_KEY_UISupportedInterfaceOrientations_iPhone = "UIInterfaceOrientationPortrait UIInterfaceOrientationLandscapeLeft UIInterfaceOrientationLandscapeRight";
				LD_RUNPATH_SEARCH_PATHS = (
					"$(inherited)",
					"@executable_path/Frameworks",
				);
				MARKETING_VERSION = 1.0;
				PRODUCT_BUNDLE_IDENTIFIER = orel.BigBurger;
				PRODUCT_NAME = "$(TARGET_NAME)";
				SWIFT_EMIT_LOC_STRINGS = YES;
				SWIFT_VERSION = 5.0;
				TARGETED_DEVICE_FAMILY = "1,2";
			};
			name = Release;
		};
		0EBB8A4528C80A36003EA051 /* Debug */ = {
			isa = XCBuildConfiguration;
			buildSettings = {
				ALWAYS_EMBED_SWIFT_STANDARD_LIBRARIES = YES;
				BUNDLE_LOADER = "$(TEST_HOST)";
				CODE_SIGN_STYLE = Automatic;
				CURRENT_PROJECT_VERSION = 1;
				GENERATE_INFOPLIST_FILE = YES;
				IPHONEOS_DEPLOYMENT_TARGET = 15.5;
				MARKETING_VERSION = 1.0;
				PRODUCT_BUNDLE_IDENTIFIER = orel.BigBurgerTests;
				PRODUCT_NAME = "$(TARGET_NAME)";
				SWIFT_EMIT_LOC_STRINGS = NO;
				SWIFT_VERSION = 5.0;
				TARGETED_DEVICE_FAMILY = "1,2";
				TEST_HOST = "$(BUILT_PRODUCTS_DIR)/BigBurger.app/BigBurger";
			};
			name = Debug;
		};
		0EBB8A4628C80A36003EA051 /* Release */ = {
			isa = XCBuildConfiguration;
			buildSettings = {
				ALWAYS_EMBED_SWIFT_STANDARD_LIBRARIES = YES;
				BUNDLE_LOADER = "$(TEST_HOST)";
				CODE_SIGN_STYLE = Automatic;
				CURRENT_PROJECT_VERSION = 1;
				GENERATE_INFOPLIST_FILE = YES;
				IPHONEOS_DEPLOYMENT_TARGET = 15.5;
				MARKETING_VERSION = 1.0;
				PRODUCT_BUNDLE_IDENTIFIER = orel.BigBurgerTests;
				PRODUCT_NAME = "$(TARGET_NAME)";
				SWIFT_EMIT_LOC_STRINGS = NO;
				SWIFT_VERSION = 5.0;
				TARGETED_DEVICE_FAMILY = "1,2";
				TEST_HOST = "$(BUILT_PRODUCTS_DIR)/BigBurger.app/BigBurger";
			};
			name = Release;
		};
		0EBB8A4828C80A36003EA051 /* Debug */ = {
			isa = XCBuildConfiguration;
			buildSettings = {
				ALWAYS_EMBED_SWIFT_STANDARD_LIBRARIES = YES;
				CODE_SIGN_STYLE = Automatic;
				CURRENT_PROJECT_VERSION = 1;
				GENERATE_INFOPLIST_FILE = YES;
				MARKETING_VERSION = 1.0;
				PRODUCT_BUNDLE_IDENTIFIER = orel.BigBurgerUITests;
				PRODUCT_NAME = "$(TARGET_NAME)";
				SWIFT_EMIT_LOC_STRINGS = NO;
				SWIFT_VERSION = 5.0;
				TARGETED_DEVICE_FAMILY = "1,2";
				TEST_TARGET_NAME = BigBurger;
			};
			name = Debug;
		};
		0EBB8A4928C80A36003EA051 /* Release */ = {
			isa = XCBuildConfiguration;
			buildSettings = {
				ALWAYS_EMBED_SWIFT_STANDARD_LIBRARIES = YES;
				CODE_SIGN_STYLE = Automatic;
				CURRENT_PROJECT_VERSION = 1;
				GENERATE_INFOPLIST_FILE = YES;
				MARKETING_VERSION = 1.0;
				PRODUCT_BUNDLE_IDENTIFIER = orel.BigBurgerUITests;
				PRODUCT_NAME = "$(TARGET_NAME)";
				SWIFT_EMIT_LOC_STRINGS = NO;
				SWIFT_VERSION = 5.0;
				TARGETED_DEVICE_FAMILY = "1,2";
				TEST_TARGET_NAME = BigBurger;
			};
			name = Release;
		};
/* End XCBuildConfiguration section */

/* Begin XCConfigurationList section */
		0EBB8A1228C80A33003EA051 /* Build configuration list for PBXProject "BigBurger" */ = {
			isa = XCConfigurationList;
			buildConfigurations = (
				0EBB8A3F28C80A36003EA051 /* Debug */,
				0EBB8A4028C80A36003EA051 /* Release */,
			);
			defaultConfigurationIsVisible = 0;
			defaultConfigurationName = Release;
		};
		0EBB8A4128C80A36003EA051 /* Build configuration list for PBXNativeTarget "BigBurger" */ = {
			isa = XCConfigurationList;
			buildConfigurations = (
				0EBB8A4228C80A36003EA051 /* Debug */,
				0EBB8A4328C80A36003EA051 /* Release */,
			);
			defaultConfigurationIsVisible = 0;
			defaultConfigurationName = Release;
		};
		0EBB8A4428C80A36003EA051 /* Build configuration list for PBXNativeTarget "BigBurgerTests" */ = {
			isa = XCConfigurationList;
			buildConfigurations = (
				0EBB8A4528C80A36003EA051 /* Debug */,
				0EBB8A4628C80A36003EA051 /* Release */,
			);
			defaultConfigurationIsVisible = 0;
			defaultConfigurationName = Release;
		};
		0EBB8A4728C80A36003EA051 /* Build configuration list for PBXNativeTarget "BigBurgerUITests" */ = {
			isa = XCConfigurationList;
			buildConfigurations = (
				0EBB8A4828C80A36003EA051 /* Debug */,
				0EBB8A4928C80A36003EA051 /* Release */,
			);
			defaultConfigurationIsVisible = 0;
			defaultConfigurationName = Release;
		};
/* End XCConfigurationList section */
	};
	rootObject = 0EBB8A0F28C80A33003EA051 /* Project object */;
}
